<?xml version="1.0" encoding="utf-8"?>
<Project ToolsVersion="4.0" xmlns="http://schemas.microsoft.com/developer/msbuild/2003">
  <ItemGroup>
    <Filter Include="Source Files">
      <UniqueIdentifier>{4FC737F1-C7A5-4376-A066-2A32D752A2FF}</UniqueIdentifier>
      <Extensions>cpp;c;cc;cxx;c++;cppm;ixx;def;odl;idl;hpj;bat;asm;asmx</Extensions>
    </Filter>
    <Filter Include="Header Files">
      <UniqueIdentifier>{93995380-89BD-4b04-88EB-625FBE52EBFB}</UniqueIdentifier>
      <Extensions>h;hh;hpp;hxx;h++;hm;inl;inc;ipp;xsd</Extensions>
    </Filter>
    <Filter Include="Resource Files">
      <UniqueIdentifier>{67DA6AB6-F800-4c08-8B7A-83BB121AAD01}</UniqueIdentifier>
      <Extensions>rc;ico;cur;bmp;dlg;rc2;rct;bin;rgs;gif;jpg;jpeg;jpe;resx;tiff;tif;png;wav;mfcribbon-ms</Extensions>
    </Filter>
    <Filter Include="Source Files\Arduino">
      <UniqueIdentifier>{57572d5b-b26f-4e78-84a0-190e9bf6d2b9}</UniqueIdentifier>
    </Filter>
    <Filter Include="Source Files\Arduino\Main">
      <UniqueIdentifier>{681df64e-9d90-4697-aaa5-6750fbe366eb}</UniqueIdentifier>
    </Filter>
    <Filter Include="Source Files\Arduino\libraries">
      <UniqueIdentifier>{a97bb1d0-a203-4651-b2db-c40b876bcfdb}</UniqueIdentifier>
    </Filter>
    <Filter Include="Source Files\Arduino\libraries\IR_Sensor">
      <UniqueIdentifier>{417df10b-353d-4c62-bf8e-ddc5e7190dd9}</UniqueIdentifier>
    </Filter>
    <Filter Include="Source Files\Arduino\libraries\Motor">
      <UniqueIdentifier>{2a68c8bd-8f7a-4a86-8553-da1079a10f04}</UniqueIdentifier>
    </Filter>
    <Filter Include="Source Files\Arduino\libraries\Robot">
      <UniqueIdentifier>{e47d293c-3808-49bc-82de-eeeda2f385aa}</UniqueIdentifier>
    </Filter>
    <Filter Include="Source Files\Arduino\libraries\SonarSensor">
      <UniqueIdentifier>{aed88ba0-66a1-4e1a-94ae-51c3a9b16810}</UniqueIdentifier>
    </Filter>
    <Filter Include="Source Files\VS_only">
      <UniqueIdentifier>{0069a5b1-9ccd-4b2f-a449-f438b0272013}</UniqueIdentifier>
    </Filter>
    <Filter Include="Source Files\Arduino\libraries\Servo">
      <UniqueIdentifier>{ff25a4e6-0492-43dd-9101-a4c2da9aa2de}</UniqueIdentifier>
    </Filter>
    <Filter Include="Source Files\Arduino\libraries\Radio">
      <UniqueIdentifier>{877c3c05-6a9d-44cb-b1e8-9e2cc5289ad0}</UniqueIdentifier>
    </Filter>
    <Filter Include="Source Files\Arduino\libraries\BoatSonar">
      <UniqueIdentifier>{bd61d8ed-384b-4c53-b480-a12b1de851c4}</UniqueIdentifier>
    </Filter>
    <Filter Include="Source Files\Arduino\E-Stop">
      <UniqueIdentifier>{a18ad5e1-9119-475a-a264-a0e93b44da9c}</UniqueIdentifier>
    </Filter>
    <Filter Include="Source Files\Arduino\Kyle_timer_test">
      <UniqueIdentifier>{c80f0312-1cf9-42e5-9ac4-62c7be954c05}</UniqueIdentifier>
    </Filter>
    <Filter Include="Source Files\Arduino\micah_test_radio">
      <UniqueIdentifier>{26034593-2257-47f9-8162-434f97fdfdf2}</UniqueIdentifier>
    </Filter>
    <Filter Include="Source Files\Arduino\libraries\RPLidar">
      <UniqueIdentifier>{e8d3a8a3-29f3-40e0-95b4-80f2ca79a9b7}</UniqueIdentifier>
    </Filter>
    <Filter Include="Source Files\Arduino\libraries\RPLidar\inc">
      <UniqueIdentifier>{3f459b7e-2874-4853-9336-e72bcc17e434}</UniqueIdentifier>
    </Filter>
    <Filter Include="Source Files\Arduino\libraries\RPLidar\examples">
      <UniqueIdentifier>{702c0cc0-61f3-4232-8d04-11f1eacbd4eb}</UniqueIdentifier>
    </Filter>
    <Filter Include="Source Files\Arduino\libraries\RPLidar\examples\simple_connect">
      <UniqueIdentifier>{10b16e02-5df0-4ec2-aa94-f81d26310f5e}</UniqueIdentifier>
    </Filter>
    <Filter Include="Source Files\Arduino\libraries\RPLidar\examples\distance_to_color">
      <UniqueIdentifier>{349bae81-e60d-447e-9ed7-d9f61932efeb}</UniqueIdentifier>
    </Filter>
    <Filter Include="Source Files\Arduino\jonah_sonar">
      <UniqueIdentifier>{cd1065d3-0243-464c-93f1-b387476ff95b}</UniqueIdentifier>
    </Filter>
  </ItemGroup>
  <ItemGroup>
    <None Include="..\Arduino\Main\Main.ino">
      <Filter>Source Files\Arduino\Main</Filter>
    </None>
    <None Include="..\Arduino\E-Stop\E-Stop.ino">
      <Filter>Source Files\Arduino\E-Stop</Filter>
    </None>
    <None Include="..\Arduino\Kyle_timer_test\Kyle_timer_test.ino">
      <Filter>Source Files\Arduino\Kyle_timer_test</Filter>
    </None>
    <None Include="..\Arduino\micah_test_radio\radio_test.ino">
      <Filter>Source Files\Arduino\micah_test_radio</Filter>
    </None>
    <None Include="..\Arduino\libraries\RPLidar\examples\distance_to_color\distance_to_color.ino">
      <Filter>Source Files\Arduino\libraries\RPLidar\examples\distance_to_color</Filter>
    </None>
    <None Include="..\Arduino\libraries\RPLidar\examples\simple_connect\simple_connect.ino">
      <Filter>Source Files\Arduino\libraries\RPLidar\examples\simple_connect</Filter>
    </None>
  </ItemGroup>
  <ItemGroup>
    <ClCompile Include="main.cpp">
      <Filter>Source Files\VS_only</Filter>
    </ClCompile>
    <ClCompile Include="..\Arduino\libraries\IR_Sensor\IR_Sensor.cpp">
      <Filter>Source Files\Arduino\libraries\IR_Sensor</Filter>
    </ClCompile>
    <ClCompile Include="..\Arduino\libraries\Motor\Motor.cpp">
      <Filter>Source Files\Arduino\libraries\Motor</Filter>
    </ClCompile>
    <ClCompile Include="..\Arduino\libraries\Robot\Robot.cpp">
      <Filter>Source Files\Arduino\libraries\Robot</Filter>
    </ClCompile>
    <ClCompile Include="..\Arduino\libraries\SonarSensor\SonarSensor.cpp">
      <Filter>Source Files\Arduino\libraries\SonarSensor</Filter>
    </ClCompile>
    <ClCompile Include="arduino.cpp">
      <Filter>Source Files\VS_only</Filter>
    </ClCompile>
    <ClCompile Include="..\Arduino\libraries\Servo\Servo.cpp">
      <Filter>Source Files\Arduino\libraries\Servo</Filter>
    </ClCompile>
    <ClCompile Include="..\Arduino\libraries\Radio\Radio.cpp">
      <Filter>Source Files\Arduino\libraries\Radio</Filter>
    </ClCompile>
    <ClCompile Include="..\Arduino\libraries\BoatSonar\boatSonar.cpp">
      <Filter>Source Files\Arduino\libraries\BoatSonar</Filter>
    </ClCompile>
    <ClCompile Include="..\Arduino\libraries\BoatSonar\zone.cpp">
      <Filter>Source Files\Arduino\libraries\BoatSonar</Filter>
    </ClCompile>
    <ClCompile Include="..\Arduino\libraries\BoatSonar\interupts.cpp">
      <Filter>Source Files\Arduino\libraries\BoatSonar</Filter>
    </ClCompile>
    <ClCompile Include="..\Arduino\libraries\RPLidar\RPLidar.cpp">
      <Filter>Source Files\Arduino\libraries\RPLidar</Filter>
    </ClCompile>
  </ItemGroup>
  <ItemGroup>
    <ClInclude Include="..\Arduino\libraries\IR_Sensor\IR_Sensor.h">
      <Filter>Source Files\Arduino\libraries\IR_Sensor</Filter>
    </ClInclude>
    <ClInclude Include="..\Arduino\libraries\Motor\Motor.h">
      <Filter>Source Files\Arduino\libraries\Motor</Filter>
    </ClInclude>
    <ClInclude Include="..\Arduino\libraries\Robot\Robot.h">
      <Filter>Source Files\Arduino\libraries\Robot</Filter>
    </ClInclude>
    <ClInclude Include="..\Arduino\libraries\SonarSensor\SonarSensor.h">
      <Filter>Source Files\Arduino\libraries\SonarSensor</Filter>
    </ClInclude>
    <ClInclude Include="arduino.h">
      <Filter>Source Files\VS_only</Filter>
    </ClInclude>
    <ClInclude Include="..\Arduino\libraries\Servo\Servo.h">
      <Filter>Source Files\Arduino\libraries\Servo</Filter>
    </ClInclude>
    <ClInclude Include="..\Arduino\libraries\Radio\Radio.h">
      <Filter>Source Files\Arduino\libraries\Radio</Filter>
    </ClInclude>
    <ClInclude Include="..\Arduino\libraries\BoatSonar\boatSonar.h">
      <Filter>Source Files\Arduino\libraries\BoatSonar</Filter>
    </ClInclude>
    <ClInclude Include="..\Arduino\libraries\BoatSonar\interupts.h">
      <Filter>Source Files\Arduino\libraries\BoatSonar</Filter>
    </ClInclude>
    <ClInclude Include="..\Arduino\libraries\BoatSonar\zone.h">
      <Filter>Source Files\Arduino\libraries\BoatSonar</Filter>
    </ClInclude>
    <ClInclude Include="keywords.txt">
      <Filter>Source Files\Arduino\libraries\BoatSonar</Filter>
    </ClInclude>
    <ClInclude Include="..\Arduino\libraries\RPLidar\RPLidar.h">
      <Filter>Source Files\Arduino\libraries\RPLidar</Filter>
    </ClInclude>
    <ClInclude Include="..\Arduino\libraries\RPLidar\inc\rplidar_cmd.h">
      <Filter>Source Files\Arduino\libraries\RPLidar\inc</Filter>
    </ClInclude>
    <ClInclude Include="..\Arduino\libraries\RPLidar\inc\rplidar_protocol.h">
      <Filter>Source Files\Arduino\libraries\RPLidar\inc</Filter>
    </ClInclude>
    <ClInclude Include="..\Arduino\libraries\RPLidar\inc\rptypes.h">
      <Filter>Source Files\Arduino\libraries\RPLidar\inc</Filter>
    </ClInclude>
  </ItemGroup>
  <ItemGroup>
    <Text Include="..\Arduino\libraries\IR_Sensor\keywords.txt">
      <Filter>Source Files\Arduino\libraries\IR_Sensor</Filter>
    </Text>
    <Text Include="..\Arduino\libraries\Motor\keywords.txt">
      <Filter>Source Files\Arduino\libraries\Motor</Filter>
    </Text>
    <Text Include="..\Arduino\libraries\Robot\keywords.txt">
      <Filter>Source Files\Arduino\libraries\Robot</Filter>
    </Text>
    <Text Include="..\Arduino\libraries\SonarSensor\keywords.txt">
      <Filter>Source Files\Arduino\libraries\SonarSensor</Filter>
    </Text>
    <Text Include="..\Arduino\libraries\Servo\keywords.txt">
      <Filter>Source Files\Arduino\libraries\Servo</Filter>
    </Text>
    <Text Include="README.txt">
      <Filter>Source Files\VS_only</Filter>
    </Text>
    <Text Include="..\Arduino\libraries\Radio\keywords.txt">
      <Filter>Source Files\Arduino\libraries\Radio</Filter>
    </Text>
    <Text Include="..\Arduino\libraries\RPLidar\keywords.txt">
      <Filter>Source Files\Arduino\libraries\RPLidar</Filter>
    </Text>
  </ItemGroup>
</Project>